// !$*UTF8*$!
{
	archiveVersion = 1;
	classes = {
	};
	objectVersion = 55;
	objects = {

/* Begin PBXBuildFile section */
		6560CBE827682B7600798390 /* Tests_iOS.swift in Sources */ = {isa = PBXBuildFile; fileRef = 6560CBE727682B7600798390 /* Tests_iOS.swift */; };
		6560CBEA27682B7600798390 /* Tests_iOSLaunchTests.swift in Sources */ = {isa = PBXBuildFile; fileRef = 6560CBE927682B7600798390 /* Tests_iOSLaunchTests.swift */; };
		6560CBF427682B7600798390 /* Tests_macOS.swift in Sources */ = {isa = PBXBuildFile; fileRef = 6560CBF327682B7600798390 /* Tests_macOS.swift */; };
		6560CBF627682B7600798390 /* Tests_macOSLaunchTests.swift in Sources */ = {isa = PBXBuildFile; fileRef = 6560CBF527682B7600798390 /* Tests_macOSLaunchTests.swift */; };
		6560CBF727682B7600798390 /* SenasicaApp.swift in Sources */ = {isa = PBXBuildFile; fileRef = 6560CBCF27682B7100798390 /* SenasicaApp.swift */; };
		6560CBF827682B7600798390 /* SenasicaApp.swift in Sources */ = {isa = PBXBuildFile; fileRef = 6560CBCF27682B7100798390 /* SenasicaApp.swift */; };
		6560CBF927682B7600798390 /* ContentView.swift in Sources */ = {isa = PBXBuildFile; fileRef = 6560CBD027682B7100798390 /* ContentView.swift */; };
		6560CBFA27682B7600798390 /* ContentView.swift in Sources */ = {isa = PBXBuildFile; fileRef = 6560CBD027682B7100798390 /* ContentView.swift */; };
		6560CBFB27682B7600798390 /* Assets.xcassets in Resources */ = {isa = PBXBuildFile; fileRef = 6560CBD127682B7600798390 /* Assets.xcassets */; };
		6560CBFC27682B7600798390 /* Assets.xcassets in Resources */ = {isa = PBXBuildFile; fileRef = 6560CBD127682B7600798390 /* Assets.xcassets */; };
/* End PBXBuildFile section */

/* Begin PBXContainerItemProxy section */
		6560CBE427682B7600798390 /* PBXContainerItemProxy */ = {
			isa = PBXContainerItemProxy;
			containerPortal = 6560CBCA27682B7000798390 /* Project object */;
			proxyType = 1;
			remoteGlobalIDString = 6560CBD527682B7600798390;
			remoteInfo = "Senasica (iOS)";
		};
		6560CBF027682B7600798390 /* PBXContainerItemProxy */ = {
			isa = PBXContainerItemProxy;
			containerPortal = 6560CBCA27682B7000798390 /* Project object */;
			proxyType = 1;
			remoteGlobalIDString = 6560CBDB27682B7600798390;
			remoteInfo = "Senasica (macOS)";
		};
/* End PBXContainerItemProxy section */

/* Begin PBXFileReference section */
		6560CBCF27682B7100798390 /* SenasicaApp.swift */ = {isa = PBXFileReference; lastKnownFileType = sourcecode.swift; path = SenasicaApp.swift; sourceTree = "<group>"; };
		6560CBD027682B7100798390 /* ContentView.swift */ = {isa = PBXFileReference; lastKnownFileType = sourcecode.swift; path = ContentView.swift; sourceTree = "<group>"; };
		6560CBD127682B7600798390 /* Assets.xcassets */ = {isa = PBXFileReference; lastKnownFileType = folder.assetcatalog; path = Assets.xcassets; sourceTree = "<group>"; };
		6560CBD627682B7600798390 /* Senasica.app */ = {isa = PBXFileReference; explicitFileType = wrapper.application; includeInIndex = 0; path = Senasica.app; sourceTree = BUILT_PRODUCTS_DIR; };
		6560CBDC27682B7600798390 /* Senasica.app */ = {isa = PBXFileReference; explicitFileType = wrapper.application; includeInIndex = 0; path = Senasica.app; sourceTree = BUILT_PRODUCTS_DIR; };
		6560CBDE27682B7600798390 /* macOS.entitlements */ = {isa = PBXFileReference; lastKnownFileType = text.plist.entitlements; path = macOS.entitlements; sourceTree = "<group>"; };
		6560CBE327682B7600798390 /* Tests iOS.xctest */ = {isa = PBXFileReference; explicitFileType = wrapper.cfbundle; includeInIndex = 0; path = "Tests iOS.xctest"; sourceTree = BUILT_PRODUCTS_DIR; };
		6560CBE727682B7600798390 /* Tests_iOS.swift */ = {isa = PBXFileReference; lastKnownFileType = sourcecode.swift; path = Tests_iOS.swift; sourceTree = "<group>"; };
		6560CBE927682B7600798390 /* Tests_iOSLaunchTests.swift */ = {isa = PBXFileReference; lastKnownFileType = sourcecode.swift; path = Tests_iOSLaunchTests.swift; sourceTree = "<group>"; };
		6560CBEF27682B7600798390 /* Tests macOS.xctest */ = {isa = PBXFileReference; explicitFileType = wrapper.cfbundle; includeInIndex = 0; path = "Tests macOS.xctest"; sourceTree = BUILT_PRODUCTS_DIR; };
		6560CBF327682B7600798390 /* Tests_macOS.swift */ = {isa = PBXFileReference; lastKnownFileType = sourcecode.swift; path = Tests_macOS.swift; sourceTree = "<group>"; };
		6560CBF527682B7600798390 /* Tests_macOSLaunchTests.swift */ = {isa = PBXFileReference; lastKnownFileType = sourcecode.swift; path = Tests_macOSLaunchTests.swift; sourceTree = "<group>"; };
/* End PBXFileReference section */

/* Begin PBXFrameworksBuildPhase section */
		6560CBD327682B7600798390 /* Frameworks */ = {
			isa = PBXFrameworksBuildPhase;
			buildActionMask = 2147483647;
			files = (
			);
			runOnlyForDeploymentPostprocessing = 0;
		};
		6560CBD927682B7600798390 /* Frameworks */ = {
			isa = PBXFrameworksBuildPhase;
			buildActionMask = 2147483647;
			files = (
			);
			runOnlyForDeploymentPostprocessing = 0;
		};
		6560CBE027682B7600798390 /* Frameworks */ = {
			isa = PBXFrameworksBuildPhase;
			buildActionMask = 2147483647;
			files = (
			);
			runOnlyForDeploymentPostprocessing = 0;
		};
		6560CBEC27682B7600798390 /* Frameworks */ = {
			isa = PBXFrameworksBuildPhase;
			buildActionMask = 2147483647;
			files = (
			);
			runOnlyForDeploymentPostprocessing = 0;
		};
/* End PBXFrameworksBuildPhase section */

/* Begin PBXGroup section */
		6560CBC927682B7000798390 = {
			isa = PBXGroup;
			children = (
				6560CBCE27682B7000798390 /* Shared */,
				6560CBDD27682B7600798390 /* macOS */,
				6560CBE627682B7600798390 /* Tests iOS */,
				6560CBF227682B7600798390 /* Tests macOS */,
				6560CBD727682B7600798390 /* Products */,
			);
			sourceTree = "<group>";
		};
		6560CBCE27682B7000798390 /* Shared */ = {
			isa = PBXGroup;
			children = (
				6560CBCF27682B7100798390 /* SenasicaApp.swift */,
				6560CBD027682B7100798390 /* ContentView.swift */,
				6560CBD127682B7600798390 /* Assets.xcassets */,
			);
			path = Shared;
			sourceTree = "<group>";
		};
		6560CBD727682B7600798390 /* Products */ = {
			isa = PBXGroup;
			children = (
				6560CBD627682B7600798390 /* Senasica.app */,
				6560CBDC27682B7600798390 /* Senasica.app */,
				6560CBE327682B7600798390 /* Tests iOS.xctest */,
				6560CBEF27682B7600798390 /* Tests macOS.xctest */,
			);
			name = Products;
			sourceTree = "<group>";
		};
		6560CBDD27682B7600798390 /* macOS */ = {
			isa = PBXGroup;
			children = (
				6560CBDE27682B7600798390 /* macOS.entitlements */,
			);
			path = macOS;
			sourceTree = "<group>";
		};
		6560CBE627682B7600798390 /* Tests iOS */ = {
			isa = PBXGroup;
			children = (
				6560CBE727682B7600798390 /* Tests_iOS.swift */,
				6560CBE927682B7600798390 /* Tests_iOSLaunchTests.swift */,
			);
			path = "Tests iOS";
			sourceTree = "<group>";
		};
		6560CBF227682B7600798390 /* Tests macOS */ = {
			isa = PBXGroup;
			children = (
				6560CBF327682B7600798390 /* Tests_macOS.swift */,
				6560CBF527682B7600798390 /* Tests_macOSLaunchTests.swift */,
			);
			path = "Tests macOS";
			sourceTree = "<group>";
		};
/* End PBXGroup section */

/* Begin PBXNativeTarget section */
		6560CBD527682B7600798390 /* Senasica (iOS) */ = {
			isa = PBXNativeTarget;
			buildConfigurationList = 6560CBFF27682B7600798390 /* Build configuration list for PBXNativeTarget "Senasica (iOS)" */;
			buildPhases = (
				6560CBD227682B7600798390 /* Sources */,
				6560CBD327682B7600798390 /* Frameworks */,
				6560CBD427682B7600798390 /* Resources */,
			);
			buildRules = (
			);
			dependencies = (
			);
			name = "Senasica (iOS)";
			productName = "Senasica (iOS)";
			productReference = 6560CBD627682B7600798390 /* Senasica.app */;
			productType = "com.apple.product-type.application";
		};
		6560CBDB27682B7600798390 /* Senasica (macOS) */ = {
			isa = PBXNativeTarget;
			buildConfigurationList = 6560CC0227682B7600798390 /* Build configuration list for PBXNativeTarget "Senasica (macOS)" */;
			buildPhases = (
				6560CBD827682B7600798390 /* Sources */,
				6560CBD927682B7600798390 /* Frameworks */,
				6560CBDA27682B7600798390 /* Resources */,
			);
			buildRules = (
			);
			dependencies = (
			);
			name = "Senasica (macOS)";
			productName = "Senasica (macOS)";
			productReference = 6560CBDC27682B7600798390 /* Senasica.app */;
			productType = "com.apple.product-type.application";
		};
		6560CBE227682B7600798390 /* Tests iOS */ = {
			isa = PBXNativeTarget;
			buildConfigurationList = 6560CC0527682B7600798390 /* Build configuration list for PBXNativeTarget "Tests iOS" */;
			buildPhases = (
				6560CBDF27682B7600798390 /* Sources */,
				6560CBE027682B7600798390 /* Frameworks */,
				6560CBE127682B7600798390 /* Resources */,
			);
			buildRules = (
			);
			dependencies = (
				6560CBE527682B7600798390 /* PBXTargetDependency */,
			);
			name = "Tests iOS";
			productName = "Tests iOS";
			productReference = 6560CBE327682B7600798390 /* Tests iOS.xctest */;
			productType = "com.apple.product-type.bundle.ui-testing";
		};
		6560CBEE27682B7600798390 /* Tests macOS */ = {
			isa = PBXNativeTarget;
			buildConfigurationList = 6560CC0827682B7600798390 /* Build configuration list for PBXNativeTarget "Tests macOS" */;
			buildPhases = (
				6560CBEB27682B7600798390 /* Sources */,
				6560CBEC27682B7600798390 /* Frameworks */,
				6560CBED27682B7600798390 /* Resources */,
			);
			buildRules = (
			);
			dependencies = (
				6560CBF127682B7600798390 /* PBXTargetDependency */,
			);
			name = "Tests macOS";
			productName = "Tests macOS";
			productReference = 6560CBEF27682B7600798390 /* Tests macOS.xctest */;
			productType = "com.apple.product-type.bundle.ui-testing";
		};
/* End PBXNativeTarget section */

/* Begin PBXProject section */
		6560CBCA27682B7000798390 /* Project object */ = {
			isa = PBXProject;
			attributes = {
				BuildIndependentTargetsInParallel = 1;
				LastSwiftUpdateCheck = 1310;
				LastUpgradeCheck = 1310;
				TargetAttributes = {
					6560CBD527682B7600798390 = {
						CreatedOnToolsVersion = 13.1;
					};
					6560CBDB27682B7600798390 = {
						CreatedOnToolsVersion = 13.1;
					};
					6560CBE227682B7600798390 = {
						CreatedOnToolsVersion = 13.1;
						TestTargetID = 6560CBD527682B7600798390;
					};
					6560CBEE27682B7600798390 = {
						CreatedOnToolsVersion = 13.1;
						TestTargetID = 6560CBDB27682B7600798390;
					};
				};
			};
			buildConfigurationList = 6560CBCD27682B7000798390 /* Build configuration list for PBXProject "Senasica" */;
			compatibilityVersion = "Xcode 13.0";
			developmentRegion = en;
			hasScannedForEncodings = 0;
			knownRegions = (
				en,
				Base,
			);
			mainGroup = 6560CBC927682B7000798390;
			productRefGroup = 6560CBD727682B7600798390 /* Products */;
			projectDirPath = "";
			projectRoot = "";
			targets = (
				6560CBD527682B7600798390 /* Senasica (iOS) */,
				6560CBDB27682B7600798390 /* Senasica (macOS) */,
				6560CBE227682B7600798390 /* Tests iOS */,
				6560CBEE27682B7600798390 /* Tests macOS */,
			);
		};
/* End PBXProject section */

/* Begin PBXResourcesBuildPhase section */
		6560CBD427682B7600798390 /* Resources */ = {
			isa = PBXResourcesBuildPhase;
			buildActionMask = 2147483647;
			files = (
				6560CBFB27682B7600798390 /* Assets.xcassets in Resources */,
			);
			runOnlyForDeploymentPostprocessing = 0;
		};
		6560CBDA27682B7600798390 /* Resources */ = {
			isa = PBXResourcesBuildPhase;
			buildActionMask = 2147483647;
			files = (
				6560CBFC27682B7600798390 /* Assets.xcassets in Resources */,
			);
			runOnlyForDeploymentPostprocessing = 0;
		};
		6560CBE127682B7600798390 /* Resources */ = {
			isa = PBXResourcesBuildPhase;
			buildActionMask = 2147483647;
			files = (
			);
			runOnlyForDeploymentPostprocessing = 0;
		};
		6560CBED27682B7600798390 /* Resources */ = {
			isa = PBXResourcesBuildPhase;
			buildActionMask = 2147483647;
			files = (
			);
			runOnlyForDeploymentPostprocessing = 0;
		};
/* End PBXResourcesBuildPhase section */

/* Begin PBXSourcesBuildPhase section */
		6560CBD227682B7600798390 /* Sources */ = {
			isa = PBXSourcesBuildPhase;
			buildActionMask = 2147483647;
			files = (
				6560CBF927682B7600798390 /* ContentView.swift in Sources */,
				6560CBF727682B7600798390 /* SenasicaApp.swift in Sources */,
			);
			runOnlyForDeploymentPostprocessing = 0;
		};
		6560CBD827682B7600798390 /* Sources */ = {
			isa = PBXSourcesBuildPhase;
			buildActionMask = 2147483647;
			files = (
				6560CBFA27682B7600798390 /* ContentView.swift in Sources */,
				6560CBF827682B7600798390 /* SenasicaApp.swift in Sources */,
			);
			runOnlyForDeploymentPostprocessing = 0;
		};
		6560CBDF27682B7600798390 /* Sources */ = {
			isa = PBXSourcesBuildPhase;
			buildActionMask = 2147483647;
			files = (
				6560CBEA27682B7600798390 /* Tests_iOSLaunchTests.swift in Sources */,
				6560CBE827682B7600798390 /* Tests_iOS.swift in Sources */,
			);
			runOnlyForDeploymentPostprocessing = 0;
		};
		6560CBEB27682B7600798390 /* Sources */ = {
			isa = PBXSourcesBuildPhase;
			buildActionMask = 2147483647;
			files = (
				6560CBF627682B7600798390 /* Tests_macOSLaunchTests.swift in Sources */,
				6560CBF427682B7600798390 /* Tests_macOS.swift in Sources */,
			);
			runOnlyForDeploymentPostprocessing = 0;
		};
/* End PBXSourcesBuildPhase section */

/* Begin PBXTargetDependency section */
		6560CBE527682B7600798390 /* PBXTargetDependency */ = {
			isa = PBXTargetDependency;
			target = 6560CBD527682B7600798390 /* Senasica (iOS) */;
			targetProxy = 6560CBE427682B7600798390 /* PBXContainerItemProxy */;
		};
		6560CBF127682B7600798390 /* PBXTargetDependency */ = {
			isa = PBXTargetDependency;
			target = 6560CBDB27682B7600798390 /* Senasica (macOS) */;
			targetProxy = 6560CBF027682B7600798390 /* PBXContainerItemProxy */;
		};
/* End PBXTargetDependency section */

/* Begin XCBuildConfiguration section */
		6560CBFD27682B7600798390 /* Debug */ = {
			isa = XCBuildConfiguration;
			buildSettings = {
				ALWAYS_SEARCH_USER_PATHS = NO;
				CLANG_ANALYZER_NONNULL = YES;
				CLANG_ANALYZER_NUMBER_OBJECT_CONVERSION = YES_AGGRESSIVE;
				CLANG_CXX_LANGUAGE_STANDARD = "gnu++17";
				CLANG_CXX_LIBRARY = "libc++";
				CLANG_ENABLE_MODULES = YES;
				CLANG_ENABLE_OBJC_ARC = YES;
				CLANG_ENABLE_OBJC_WEAK = YES;
				CLANG_WARN_BLOCK_CAPTURE_AUTORELEASING = YES;
				CLANG_WARN_BOOL_CONVERSION = YES;
				CLANG_WARN_COMMA = YES;
				CLANG_WARN_CONSTANT_CONVERSION = YES;
				CLANG_WARN_DEPRECATED_OBJC_IMPLEMENTATIONS = YES;
				CLANG_WARN_DIRECT_OBJC_ISA_USAGE = YES_ERROR;
				CLANG_WARN_DOCUMENTATION_COMMENTS = YES;
				CLANG_WARN_EMPTY_BODY = YES;
				CLANG_WARN_ENUM_CONVERSION = YES;
				CLANG_WARN_INFINITE_RECURSION = YES;
				CLANG_WARN_INT_CONVERSION = YES;
				CLANG_WARN_NON_LITERAL_NULL_CONVERSION = YES;
				CLANG_WARN_OBJC_IMPLICIT_RETAIN_SELF = YES;
				CLANG_WARN_OBJC_LITERAL_CONVERSION = YES;
				CLANG_WARN_OBJC_ROOT_CLASS = YES_ERROR;
				CLANG_WARN_QUOTED_INCLUDE_IN_FRAMEWORK_HEADER = YES;
				CLANG_WARN_RANGE_LOOP_ANALYSIS = YES;
				CLANG_WARN_STRICT_PROTOTYPES = YES;
				CLANG_WARN_SUSPICIOUS_MOVE = YES;
				CLANG_WARN_UNGUARDED_AVAILABILITY = YES_AGGRESSIVE;
				CLANG_WARN_UNREACHABLE_CODE = YES;
				CLANG_WARN__DUPLICATE_METHOD_MATCH = YES;
				COPY_PHASE_STRIP = NO;
				DEBUG_INFORMATION_FORMAT = dwarf;
				ENABLE_STRICT_OBJC_MSGSEND = YES;
				ENABLE_TESTABILITY = YES;
				GCC_C_LANGUAGE_STANDARD = gnu11;
				GCC_DYNAMIC_NO_PIC = NO;
				GCC_NO_COMMON_BLOCKS = YES;
				GCC_OPTIMIZATION_LEVEL = 0;
				GCC_PREPROCESSOR_DEFINITIONS = (
					"DEBUG=1",
					"$(inherited)",
				);
				GCC_WARN_64_TO_32_BIT_CONVERSION = YES;
				GCC_WARN_ABOUT_RETURN_TYPE = YES_ERROR;
				GCC_WARN_UNDECLARED_SELECTOR = YES;
				GCC_WARN_UNINITIALIZED_AUTOS = YES_AGGRESSIVE;
				GCC_WARN_UNUSED_FUNCTION = YES;
				GCC_WARN_UNUSED_VARIABLE = YES;
				MTL_ENABLE_DEBUG_INFO = INCLUDE_SOURCE;
				MTL_FAST_MATH = YES;
				ONLY_ACTIVE_ARCH = YES;
				SWIFT_ACTIVE_COMPILATION_CONDITIONS = DEBUG;
				SWIFT_OPTIMIZATION_LEVEL = "-Onone";
			};
			name = Debug;
		};
		6560CBFE27682B7600798390 /* Release */ = {
			isa = XCBuildConfiguration;
			buildSettings = {
				ALWAYS_SEARCH_USER_PATHS = NO;
				CLANG_ANALYZER_NONNULL = YES;
				CLANG_ANALYZER_NUMBER_OBJECT_CONVERSION = YES_AGGRESSIVE;
				CLANG_CXX_LANGUAGE_STANDARD = "gnu++17";
				CLANG_CXX_LIBRARY = "libc++";
				CLANG_ENABLE_MODULES = YES;
				CLANG_ENABLE_OBJC_ARC = YES;
				CLANG_ENABLE_OBJC_WEAK = YES;
				CLANG_WARN_BLOCK_CAPTURE_AUTORELEASING = YES;
				CLANG_WARN_BOOL_CONVERSION = YES;
				CLANG_WARN_COMMA = YES;
				CLANG_WARN_CONSTANT_CONVERSION = YES;
				CLANG_WARN_DEPRECATED_OBJC_IMPLEMENTATIONS = YES;
				CLANG_WARN_DIRECT_OBJC_ISA_USAGE = YES_ERROR;
				CLANG_WARN_DOCUMENTATION_COMMENTS = YES;
				CLANG_WARN_EMPTY_BODY = YES;
				CLANG_WARN_ENUM_CONVERSION = YES;
				CLANG_WARN_INFINITE_RECURSION = YES;
				CLANG_WARN_INT_CONVERSION = YES;
				CLANG_WARN_NON_LITERAL_NULL_CONVERSION = YES;
				CLANG_WARN_OBJC_IMPLICIT_RETAIN_SELF = YES;
				CLANG_WARN_OBJC_LITERAL_CONVERSION = YES;
				CLANG_WARN_OBJC_ROOT_CLASS = YES_ERROR;
				CLANG_WARN_QUOTED_INCLUDE_IN_FRAMEWORK_HEADER = YES;
				CLANG_WARN_RANGE_LOOP_ANALYSIS = YES;
				CLANG_WARN_STRICT_PROTOTYPES = YES;
				CLANG_WARN_SUSPICIOUS_MOVE = YES;
				CLANG_WARN_UNGUARDED_AVAILABILITY = YES_AGGRESSIVE;
				CLANG_WARN_UNREACHABLE_CODE = YES;
				CLANG_WARN__DUPLICATE_METHOD_MATCH = YES;
				COPY_PHASE_STRIP = NO;
				DEBUG_INFORMATION_FORMAT = "dwarf-with-dsym";
				ENABLE_NS_ASSERTIONS = NO;
				ENABLE_STRICT_OBJC_MSGSEND = YES;
				GCC_C_LANGUAGE_STANDARD = gnu11;
				GCC_NO_COMMON_BLOCKS = YES;
				GCC_WARN_64_TO_32_BIT_CONVERSION = YES;
				GCC_WARN_ABOUT_RETURN_TYPE = YES_ERROR;
				GCC_WARN_UNDECLARED_SELECTOR = YES;
				GCC_WARN_UNINITIALIZED_AUTOS = YES_AGGRESSIVE;
				GCC_WARN_UNUSED_FUNCTION = YES;
				GCC_WARN_UNUSED_VARIABLE = YES;
				MTL_ENABLE_DEBUG_INFO = NO;
				MTL_FAST_MATH = YES;
				SWIFT_COMPILATION_MODE = wholemodule;
				SWIFT_OPTIMIZATION_LEVEL = "-O";
			};
			name = Release;
		};
		6560CC0027682B7600798390 /* Debug */ = {
			isa = XCBuildConfiguration;
			buildSettings = {
				ASSETCATALOG_COMPILER_APPICON_NAME = AppIcon;
				ASSETCATALOG_COMPILER_GLOBAL_ACCENT_COLOR_NAME = AccentColor;
				CODE_SIGN_STYLE = Automatic;
				CURRENT_PROJECT_VERSION = 1;
				ENABLE_PREVIEWS = YES;
				GENERATE_INFOPLIST_FILE = YES;
				INFOPLIST_KEY_UIApplicationSceneManifest_Generation = YES;
				INFOPLIST_KEY_UIApplicationSupportsIndirectInputEvents = YES;
				INFOPLIST_KEY_UILaunchScreen_Generation = YES;
				INFOPLIST_KEY_UISupportedInterfaceOrientations_iPad = "UIInterfaceOrientationPortrait UIInterfaceOrientationPortraitUpsideDown UIInterfaceOrientationLandscapeLeft UIInterfaceOrientationLandscapeRight";
				INFOPLIST_KEY_UISupportedInterfaceOrientations_iPhone = "UIInterfaceOrientationPortrait UIInterfaceOrientationLandscapeLeft UIInterfaceOrientationLandscapeRight";
				IPHONEOS_DEPLOYMENT_TARGET = 15.0;
				LD_RUNPATH_SEARCH_PATHS = (
					"$(inherited)",
					"@executable_path/Frameworks",
				);
				MARKETING_VERSION = 1.0;
				PRODUCT_BUNDLE_IDENTIFIER = home.Senasica;
				PRODUCT_NAME = Senasica;
				SDKROOT = iphoneos;
				SWIFT_EMIT_LOC_STRINGS = YES;
				SWIFT_VERSION = 5.0;
				TARGETED_DEVICE_FAMILY = "1,2";
			};
			name = Debug;
		};
		6560CC0127682B7600798390 /* Release */ = {
			isa = XCBuildConfiguration;
			buildSettings = {
				ASSETCATALOG_COMPILER_APPICON_NAME = AppIcon;
				ASSETCATALOG_COMPILER_GLOBAL_ACCENT_COLOR_NAME = AccentColor;
				CODE_SIGN_STYLE = Automatic;
				CURRENT_PROJECT_VERSION = 1;
				ENABLE_PREVIEWS = YES;
				GENERATE_INFOPLIST_FILE = YES;
				INFOPLIST_KEY_UIApplicationSceneManifest_Generation = YES;
				INFOPLIST_KEY_UIApplicationSupportsIndirectInputEvents = YES;
				INFOPLIST_KEY_UILaunchScreen_Generation = YES;
				INFOPLIST_KEY_UISupportedInterfaceOrientations_iPad = "UIInterfaceOrientationPortrait UIInterfaceOrientationPortraitUpsideDown UIInterfaceOrientationLandscapeLeft UIInterfaceOrientationLandscapeRight";
				INFOPLIST_KEY_UISupportedInterfaceOrientations_iPhone = "UIInterfaceOrientationPortrait UIInterfaceOrientationLandscapeLeft UIInterfaceOrientationLandscapeRight";
				IPHONEOS_DEPLOYMENT_TARGET = 15.0;
				LD_RUNPATH_SEARCH_PATHS = (
					"$(inherited)",
					"@executable_path/Frameworks",
				);
				MARKETING_VERSION = 1.0;
				PRODUCT_BUNDLE_IDENTIFIER = home.Senasica;
				PRODUCT_NAME = Senasica;
				SDKROOT = iphoneos;
				SWIFT_EMIT_LOC_STRINGS = YES;
				SWIFT_VERSION = 5.0;
				TARGETED_DEVICE_FAMILY = "1,2";
				VALIDATE_PRODUCT = YES;
			};
			name = Release;
		};
		6560CC0327682B7600798390 /* Debug */ = {
			isa = XCBuildConfiguration;
			buildSettings = {
				ASSETCATALOG_COMPILER_APPICON_NAME = AppIcon;
				ASSETCATALOG_COMPILER_GLOBAL_ACCENT_COLOR_NAME = AccentColor;
				CODE_SIGN_ENTITLEMENTS = macOS/macOS.entitlements;
				CODE_SIGN_STYLE = Automatic;
				COMBINE_HIDPI_IMAGES = YES;
				CURRENT_PROJECT_VERSION = 1;
				ENABLE_PREVIEWS = YES;
				GENERATE_INFOPLIST_FILE = YES;
				INFOPLIST_KEY_NSHumanReadableCopyright = "";
				LD_RUNPATH_SEARCH_PATHS = (
					"$(inherited)",
					"@executable_path/../Frameworks",
				);
				MACOSX_DEPLOYMENT_TARGET = 11.6;
				MARKETING_VERSION = 1.0;
				PRODUCT_BUNDLE_IDENTIFIER = home.Senasica;
				PRODUCT_NAME = Senasica;
				SDKROOT = macosx;
				SWIFT_EMIT_LOC_STRINGS = YES;
				SWIFT_VERSION = 5.0;
			};
			name = Debug;
		};
		6560CC0427682B7600798390 /* Release */ = {
			isa = XCBuildConfiguration;
			buildSettings = {
				ASSETCATALOG_COMPILER_APPICON_NAME = AppIcon;
				ASSETCATALOG_COMPILER_GLOBAL_ACCENT_COLOR_NAME = AccentColor;
				CODE_SIGN_ENTITLEMENTS = macOS/macOS.entitlements;
				CODE_SIGN_STYLE = Automatic;
				COMBINE_HIDPI_IMAGES = YES;
				CURRENT_PROJECT_VERSION = 1;
				ENABLE_PREVIEWS = YES;
				GENERATE_INFOPLIST_FILE = YES;
				INFOPLIST_KEY_NSHumanReadableCopyright = "";
				LD_RUNPATH_SEARCH_PATHS = (
					"$(inherited)",
					"@executable_path/../Frameworks",
				);
				MACOSX_DEPLOYMENT_TARGET = 11.6;
				MARKETING_VERSION = 1.0;
				PRODUCT_BUNDLE_IDENTIFIER = home.Senasica;
				PRODUCT_NAME = Senasica;
				SDKROOT = macosx;
				SWIFT_EMIT_LOC_STRINGS = YES;
				SWIFT_VERSION = 5.0;
			};
			name = Release;
		};
		6560CC0627682B7600798390 /* Debug */ = {
			isa = XCBuildConfiguration;
			buildSettings = {
				ALWAYS_EMBED_SWIFT_STANDARD_LIBRARIES = YES;
				CODE_SIGN_STYLE = Automatic;
				CURRENT_PROJECT_VERSION = 1;
				GENERATE_INFOPLIST_FILE = YES;
				IPHONEOS_DEPLOYMENT_TARGET = 15.0;
				LD_RUNPATH_SEARCH_PATHS = (
					"$(inherited)",
					"@executable_path/Frameworks",
					"@loader_path/Frameworks",
				);
				MARKETING_VERSION = 1.0;
				PRODUCT_BUNDLE_IDENTIFIER = "home.Tests-iOS";
				PRODUCT_NAME = "$(TARGET_NAME)";
				SDKROOT = iphoneos;
				SWIFT_EMIT_LOC_STRINGS = NO;
				SWIFT_VERSION = 5.0;
				TARGETED_DEVICE_FAMILY = "1,2";
				TEST_TARGET_NAME = "Senasica (iOS)";
			};
			name = Debug;
		};
		6560CC0727682B7600798390 /* Release */ = {
			isa = XCBuildConfiguration;
			buildSettings = {
				ALWAYS_EMBED_SWIFT_STANDARD_LIBRARIES = YES;
				CODE_SIGN_STYLE = Automatic;
				CURRENT_PROJECT_VERSION = 1;
				GENERATE_INFOPLIST_FILE = YES;
				IPHONEOS_DEPLOYMENT_TARGET = 15.0;
				LD_RUNPATH_SEARCH_PATHS = (
					"$(inherited)",
					"@executable_path/Frameworks",
					"@loader_path/Frameworks",
				);
				MARKETING_VERSION = 1.0;
				PRODUCT_BUNDLE_IDENTIFIER = "home.Tests-iOS";
				PRODUCT_NAME = "$(TARGET_NAME)";
				SDKROOT = iphoneos;
				SWIFT_EMIT_LOC_STRINGS = NO;
				SWIFT_VERSION = 5.0;
				TARGETED_DEVICE_FAMILY = "1,2";
				TEST_TARGET_NAME = "Senasica (iOS)";
				VALIDATE_PRODUCT = YES;
			};
			name = Release;
		};
		6560CC0927682B7600798390 /* Debug */ = {
			isa = XCBuildConfiguration;
			buildSettings = {
				ALWAYS_EMBED_SWIFT_STANDARD_LIBRARIES = YES;
				CODE_SIGN_STYLE = Automatic;
				COMBINE_HIDPI_IMAGES = YES;
				CURRENT_PROJECT_VERSION = 1;
				GENERATE_INFOPLIST_FILE = YES;
				LD_RUNPATH_SEARCH_PATHS = (
					"$(inherited)",
					"@executable_path/../Frameworks",
					"@loader_path/../Frameworks",
				);
				MACOSX_DEPLOYMENT_TARGET = 11.6;
				MARKETING_VERSION = 1.0;
				PRODUCT_BUNDLE_IDENTIFIER = "home.Tests-macOS";
				PRODUCT_NAME = "$(TARGET_NAME)";
				SDKROOT = macosx;
				SWIFT_EMIT_LOC_STRINGS = NO;
				SWIFT_VERSION = 5.0;
				TEST_TARGET_NAME = "Senasica (macOS)";
			};
			name = Debug;
		};
		6560CC0A27682B7600798390 /* Release */ = {
			isa = XCBuildConfiguration;
			buildSettings = {
				ALWAYS_EMBED_SWIFT_STANDARD_LIBRARIES = YES;
				CODE_SIGN_STYLE = Automatic;
				COMBINE_HIDPI_IMAGES = YES;
				CURRENT_PROJECT_VERSION = 1;
				GENERATE_INFOPLIST_FILE = YES;
				LD_RUNPATH_SEARCH_PATHS = (
					"$(inherited)",
					"@executable_path/../Frameworks",
					"@loader_path/../Frameworks",
				);
				MACOSX_DEPLOYMENT_TARGET = 11.6;
				MARKETING_VERSION = 1.0;
				PRODUCT_BUNDLE_IDENTIFIER = "home.Tests-macOS";
				PRODUCT_NAME = "$(TARGET_NAME)";
				SDKROOT = macosx;
				SWIFT_EMIT_LOC_STRINGS = NO;
				SWIFT_VERSION = 5.0;
				TEST_TARGET_NAME = "Senasica (macOS)";
			};
			name = Release;
		};
/* End XCBuildConfiguration section */

/* Begin XCConfigurationList section */
		6560CBCD27682B7000798390 /* Build configuration list for PBXProject "Senasica" */ = {
			isa = XCConfigurationList;
			buildConfigurations = (
				6560CBFD27682B7600798390 /* Debug */,
				6560CBFE27682B7600798390 /* Release */,
			);
			defaultConfigurationIsVisible = 0;
			defaultConfigurationName = Release;
		};
		6560CBFF27682B7600798390 /* Build configuration list for PBXNativeTarget "Senasica (iOS)" */ = {
			isa = XCConfigurationList;
			buildConfigurations = (
				6560CC0027682B7600798390 /* Debug */,
				6560CC0127682B7600798390 /* Release */,
			);
			defaultConfigurationIsVisible = 0;
			defaultConfigurationName = Release;
		};
		6560CC0227682B7600798390 /* Build configuration list for PBXNativeTarget "Senasica (macOS)" */ = {
			isa = XCConfigurationList;
			buildConfigurations = (
				6560CC0327682B7600798390 /* Debug */,
				6560CC0427682B7600798390 /* Release */,
			);
			defaultConfigurationIsVisible = 0;
			defaultConfigurationName = Release;
		};
		6560CC0527682B7600798390 /* Build configuration list for PBXNativeTarget "Tests iOS" */ = {
			isa = XCConfigurationList;
			buildConfigurations = (
				6560CC0627682B7600798390 /* Debug */,
				6560CC0727682B7600798390 /* Release */,
			);
			defaultConfigurationIsVisible = 0;
			defaultConfigurationName = Release;
		};
		6560CC0827682B7600798390 /* Build configuration list for PBXNativeTarget "Tests macOS" */ = {
			isa = XCConfigurationList;
			buildConfigurations = (
				6560CC0927682B7600798390 /* Debug */,
				6560CC0A27682B7600798390 /* Release */,
			);
			defaultConfigurationIsVisible = 0;
			defaultConfigurationName = Release;
		};
/* End XCConfigurationList section */
	};
	rootObject = 6560CBCA27682B7000798390 /* Project object */;
}
